
Microsoft Visual Studio Solution File, Format Version 11.00
# Visual Studio 2010
Project("{FAE04EC0-301F-11D3-BF4B-00C04F79EFBC}") = "SocketIOClient.iOS", "SocketIOClient.iOS\SocketIOClient.iOS.csproj", "{5D0D4C59-09A5-4B47-92A9-E53AC69C071E}"
EndProject
Global
	GlobalSection(SolutionConfigurationPlatforms) = preSolution
		Debug|Any CPU = Debug|Any CPU
		Release|Any CPU = Release|Any CPU
		DebugILMerge|Any CPU = DebugILMerge|Any CPU
		ReleaseILMerge|Any CPU = ReleaseILMerge|Any CPU
	EndGlobalSection
	GlobalSection(ProjectConfigurationPlatforms) = postSolution
		{5D0D4C59-09A5-4B47-92A9-E53AC69C071E}.Debug|Any CPU.ActiveCfg = Debug|Any CPU
		{5D0D4C59-09A5-4B47-92A9-E53AC69C071E}.Debug|Any CPU.Build.0 = Debug|Any CPU
		{5D0D4C59-09A5-4B47-92A9-E53AC69C071E}.DebugILMerge|Any CPU.ActiveCfg = Debug|Any CPU
		{5D0D4C59-09A5-4B47-92A9-E53AC69C071E}.DebugILMerge|Any CPU.Build.0 = Debug|Any CPU
		{5D0D4C59-09A5-4B47-92A9-E53AC69C071E}.Release|Any CPU.ActiveCfg = Release|Any CPU
		{5D0D4C59-09A5-4B47-92A9-E53AC69C071E}.Release|Any CPU.Build.0 = Release|Any CPU
		{5D0D4C59-09A5-4B47-92A9-E53AC69C071E}.ReleaseILMerge|Any CPU.ActiveCfg = Release|Any CPU
		{5D0D4C59-09A5-4B47-92A9-E53AC69C071E}.ReleaseILMerge|Any CPU.Build.0 = Release|Any CPU
	EndGlobalSection
	GlobalSection(MonoDevelopProperties) = preSolution
		StartupItem = SocketIOClient.iOS\SocketIOClient.iOS.csproj
	EndGlobalSection
EndGlobal
